
Microsoft Visual Studio Solution File, Format Version 12.00
# Visual Studio Version 16
VisualStudioVersion = 16.0.30011.22
MinimumVisualStudioVersion = 10.0.40219.1
Project("{9A19103F-16F7-4668-BE54-9A1E7A4F7556}") = "tilegenerator", "tilegenerator\tilegenerator.csproj", "{3CBAF4B7-F074-4466-B09E-CDBF4E95952F}"
EndProject
Global
	GlobalSection(SolutionConfigurationPlatforms) = preSolution
		Debug|Any CPU = Debug|Any CPU
		Debug|x64 = Debug|x64
		Release|Any CPU = Release|Any CPU
		Release|x64 = Release|x64
	EndGlobalSection
	GlobalSection(ProjectConfigurationPlatforms) = postSolution
		{3CBAF4B7-F074-4466-B09E-CDBF4E95952F}.Debug|Any CPU.ActiveCfg = Debug|Any CPU
		{3CBAF4B7-F074-4466-B09E-CDBF4E95952F}.Debug|Any CPU.Build.0 = Debug|Any CPU
		{3CBAF4B7-F074-4466-B09E-CDBF4E95952F}.Debug|x64.ActiveCfg = Debug|x64
		{3CBAF4B7-F074-4466-B09E-CDBF4E95952F}.Debug|x64.Build.0 = Debug|x64
		{3CBAF4B7-F074-4466-B09E-CDBF4E95952F}.Release|Any CPU.ActiveCfg = Release|Any CPU
		{3CBAF4B7-F074-4466-B09E-CDBF4E95952F}.Release|Any CPU.Build.0 = Release|Any CPU
		{3CBAF4B7-F074-4466-B09E-CDBF4E95952F}.Release|x64.ActiveCfg = Release|x64
		{3CBAF4B7-F074-4466-B09E-CDBF4E95952F}.Release|x64.Build.0 = Release|x64
	EndGlobalSection
	GlobalSection(SolutionProperties) = preSolution
		HideSolutionNode = FALSE
	EndGlobalSection
	GlobalSection(ExtensibilityGlobals) = postSolution
		SolutionGuid = {47DF5731-2508-4701-9597-9E94A3608776}
	EndGlobalSection
EndGlobal
